{
  "name": "barasira",
  "version": "1.0.0",
  "lockfileVersion": 3,
  "requires": true,
  "packages": {
    "": {
      "name": "barasira",
      "version": "1.0.0",
      "dependencies": {
        "@inertiajs/inertia": "^0.11.1",
        "@inertiajs/progress": "^0.2.7",
        "@inertiajs/vue3": "^1.0.14",
        "apexcharts": "^5.3.6",
        "axios": "^1.13.2",
        "date-fns": "^4.1.0",
        "lodash": "^4.17.21",
        "pinia": "^3.0.4",
        "vue": "^3.4.0",
        "vue-i18n": "^11.2.8",
        "vue-router": "^4.6.4",
        "vue3-apexcharts": "^1.10.0"
      },
      "devDependencies": {
        "@tailwindcss/vite": "^4.0.0",
        "@vitejs/plugin-vue": "^5.0.0",
        "laravel-vite-plugin": "^1.3.0",
        "sass": "^1.97.1",
        "vite": "^5.0.0"
      }
    },
    "node_modules/@babel/helper-string-parser": {
      "version": "7.27.1",
      "license": "MIT",
      "engines": {
        "node": ">=6.9.0"
      }
    },
    "node_modules/@babel/helper-validator-identifier": {
      "version": "7.28.5",
      "license": "MIT",
      "engines": {
        "node": ">=6.9.0"
      }
    },
    "node_modules/@babel/parser": {
      "version": "7.29.0",
      "license": "MIT",
      "dependencies": {
        "@babel/types": "^7.29.0"
      },
      "bin": {
        "parser": "bin/babel-parser.js"
      },
      "engines": {
        "node": ">=6.0.0"
      }
    },
    "node_modules/@babel/types": {
      "version": "7.29.0",
      "license": "MIT",
      "dependencies": {
        "@babel/helper-string-parser": "^7.27.1",
        "@babel/helper-validator-identifier": "^7.28.5"
      },
      "engines": {
        "node": ">=6.9.0"
      }
    },
    "node_modules/@esbuild/linux-x64": {
      "version": "0.21.5",
      "cpu": [
        "x64"
      ],
      "dev": true,
      "license": "MIT",
      "optional": true,
      "os": [
        "linux"
      ],
      "engines": {
        "node": ">=12"
      }
    },
    "node_modules/@inertiajs/core": {
      "version": "1.3.0",
      "license": "MIT",
      "dependencies": {
        "axios": "^1.6.0",
        "deepmerge": "^4.0.0",
        "nprogress": "^0.2.0",
        "qs": "^6.9.0"
      }
    },
    "node_modules/@inertiajs/inertia": {
      "version": "0.11.1",
      "license": "MIT",
      "dependencies": {
        "axios": "^0.21.1",
        "deepmerge": "^4.0.0",
        "qs": "^6.9.0"
      }
    },
    "node_modules/@inertiajs/inertia/node_modules/axios": {
      "version": "0.21.4",
      "license": "MIT",
      "dependencies": {
        "follow-redirects": "^1.14.0"
      }
    },
    "node_modules/@inertiajs/progress": {
      "version": "0.2.7",
      "license": "MIT",
      "dependencies": {
        "nprogress": "^0.2.0"
      },
      "peerDependencies": {
        "@inertiajs/inertia": "^0.6.0 || ^0.7.0 || ^0.8.0 || ^0.9.0 || ^0.10.0 || ^0.11.0"
      }
    },
    "node_modules/@inertiajs/vue3": {
      "version": "1.3.0",
      "license": "MIT",
      "dependencies": {
        "@inertiajs/core": "1.3.0",
        "lodash.clonedeep": "^4.5.0",
        "lodash.isequal": "^4.5.0"
      },
      "peerDependencies": {
        "vue": "^3.0.0"
      }
    },
    "node_modules/@intlify/core-base": {
      "version": "11.2.8",
      "license": "MIT",
      "dependencies": {
        "@intlify/message-compiler": "11.2.8",
        "@intlify/shared": "11.2.8"
      },
      "engines": {
        "node": ">= 16"
      },
      "funding": {
        "url": "https://github.com/sponsors/kazupon"
      }
    },
    "node_modules/@intlify/message-compiler": {
      "version": "11.2.8",
      "license": "MIT",
      "dependencies": {
        "@intlify/shared": "11.2.8",
        "source-map-js": "^1.0.2"
      },
      "engines": {
        "node": ">= 16"
      },
      "funding": {
        "url": "https://github.com/sponsors/kazupon"
      }
    },
    "node_modules/@intlify/shared": {
      "version": "11.2.8",
      "license": "MIT",
      "engines": {
        "node": ">= 16"
      },
      "funding": {
        "url": "https://github.com/sponsors/kazupon"
      }
    },
    "node_modules/@jridgewell/gen-mapping": {
      "version": "0.3.13",
      "dev": true,
      "license": "MIT",
      "dependencies": {
        "@jridgewell/sourcemap-codec": "^1.5.0",
        "@jridgewell/trace-mapping": "^0.3.24"
      }
    },
    "node_modules/@jridgewell/remapping": {
      "version": "2.3.5",
      "dev": true,
      "license": "MIT",
      "dependencies": {
        "@jridgewell/gen-mapping": "^0.3.5",
        "@jridgewell/trace-mapping": "^0.3.24"
      }
    },
    "node_modules/@jridgewell/resolve-uri": {
      "version": "3.1.2",
      "dev": true,
      "license": "MIT",
      "engines": {
        "node": ">=6.0.0"
      }
    },
    "node_modules/@jridgewell/sourcemap-codec": {
      "version": "1.5.5",
      "license": "MIT"
    },
    "node_modules/@jridgewell/trace-mapping": {
      "version": "0.3.31",
      "dev": true,
      "license": "MIT",
      "dependencies": {
        "@jridgewell/resolve-uri": "^3.1.0",
        "@jridgewell/sourcemap-codec": "^1.4.14"
      }
    },
    "node_modules/@parcel/watcher": {
      "version": "2.5.6",
      "dev": true,
      "hasInstallScript": true,
      "license": "MIT",
      "optional": true,
      "dependencies": {
        "detect-libc": "^2.0.3",
        "is-glob": "^4.0.3",
        "node-addon-api": "^7.0.0",
        "picomatch": "^4.0.3"
      },
      "engines": {
        "node": ">= 10.0.0"
      },
      "funding": {
        "type": "opencollective",
        "url": "https://opencollective.com/parcel"
      },
      "optionalDependencies": {
        "@parcel/watcher-android-arm64": "2.5.6",
        "@parcel/watcher-darwin-arm64": "2.5.6",
        "@parcel/watcher-darwin-x64": "2.5.6",
        "@parcel/watcher-freebsd-x64": "2.5.6",
        "@parcel/watcher-linux-arm-glibc": "2.5.6",
        "@parcel/watcher-linux-arm-musl": "2.5.6",
        "@parcel/watcher-linux-arm64-glibc": "2.5.6",
        "@parcel/watcher-linux-arm64-musl": "2.5.6",
        "@parcel/watcher-linux-x64-glibc": "2.5.6",
        "@parcel/watcher-linux-x64-musl": "2.5.6",
        "@parcel/watcher-win32-arm64": "2.5.6",
        "@parcel/watcher-win32-ia32": "2.5.6",
        "@parcel/watcher-win32-x64": "2.5.6"
      }
    },
    "node_modules/@parcel/watcher-linux-x64-glibc": {
      "version": "2.5.6",
      "cpu": [
        "x64"
      ],
      "dev": true,
      "license": "MIT",
      "optional": true,
      "os": [
        "linux"
      ],
      "engines": {
        "node": ">= 10.0.0"
      },
      "funding": {
        "type": "opencollective",
        "url": "https://opencollective.com/parcel"
      }
    },
    "node_modules/@rollup/rollup-linux-x64-gnu": {
      "version": "4.57.1",
      "cpu": [
        "x64"
      ],
      "dev": true,
      "license": "MIT",
      "optional": true,
      "os": [
        "linux"
      ]
    },
    "node_modules/@svgdotjs/svg.draggable.js": {
      "version": "3.0.6",
      "license": "MIT",
      "peerDependencies": {
        "@svgdotjs/svg.js": "^3.2.4"
      }
    },
    "node_modules/@svgdotjs/svg.filter.js": {
      "version": "3.0.9",
      "license": "MIT",
      "dependencies": {
        "@svgdotjs/svg.js": "^3.2.4"
      },
      "engines": {
        "node": ">= 0.8.0"
      }
    },
    "node_modules/@svgdotjs/svg.js": {
      "version": "3.2.5",
      "license": "MIT",
      "funding": {
        "type": "github",
        "url": "https://github.com/sponsors/Fuzzyma"
      }
    },
    "node_modules/@svgdotjs/svg.resize.js": {
      "version": "2.0.5",
      "license": "MIT",
      "engines": {
        "node": ">= 14.18"
      },
      "peerDependencies": {
        "@svgdotjs/svg.js": "^3.2.4",
        "@svgdotjs/svg.select.js": "^4.0.1"
      }
    },
    "node_modules/@svgdotjs/svg.select.js": {
      "version": "4.0.3",
      "license": "MIT",
      "engines": {
        "node": ">= 14.18"
      },
      "peerDependencies": {
        "@svgdotjs/svg.js": "^3.2.4"
      }
    },
    "node_modules/@tailwindcss/node": {
      "version": "4.1.18",
      "dev": true,
      "license": "MIT",
      "dependencies": {
        "@jridgewell/remapping": "^2.3.4",
        "enhanced-resolve": "^5.18.3",
        "jiti": "^2.6.1",
        "lightningcss": "1.30.2",
        "magic-string": "^0.30.21",
        "source-map-js": "^1.2.1",
        "tailwindcss": "4.1.18"
      }
    },
    "node_modules/@tailwindcss/oxide": {
      "version": "4.1.18",
      "dev": true,
      "license": "MIT",
      "engines": {
        "node": ">= 10"
      },
      "optionalDependencies": {
        "@tailwindcss/oxide-android-arm64": "4.1.18",
        "@tailwindcss/oxide-darwin-arm64": "4.1.18",
        "@tailwindcss/oxide-darwin-x64": "4.1.18",
        "@tailwindcss/oxide-freebsd-x64": "4.1.18",
        "@tailwindcss/oxide-linux-arm-gnueabihf": "4.1.18",
        "@tailwindcss/oxide-linux-arm64-gnu": "4.1.18",
        "@tailwindcss/oxide-linux-arm64-musl": "4.1.18",
        "@tailwindcss/oxide-linux-x64-gnu": "4.1.18",
        "@tailwindcss/oxide-linux-x64-musl": "4.1.18",
        "@tailwindcss/oxide-wasm32-wasi": "4.1.18",
        "@tailwindcss/oxide-win32-arm64-msvc": "4.1.18",
        "@tailwindcss/oxide-win32-x64-msvc": "4.1.18"
      }
    },
    "node_modules/@tailwindcss/oxide-linux-x64-gnu": {
      "version": "4.1.18",
      "cpu": [
        "x64"
      ],
      "dev": true,
      "license": "MIT",
      "optional": true,
      "os": [
        "linux"
      ],
      "engines": {
        "node": ">= 10"
      }
    },
    "node_modules/@tailwindcss/vite": {
      "version": "4.1.18",
      "dev": true,
      "license": "MIT",
      "dependencies": {
        "@tailwindcss/node": "4.1.18",
        "@tailwindcss/oxide": "4.1.18",
        "tailwindcss": "4.1.18"
      },
      "peerDependencies": {
        "vite": "^5.2.0 || ^6 || ^7"
      }
    },
    "node_modules/@types/estree": {
      "version": "1.0.8",
      "dev": true,
      "license": "MIT"
    },
    "node_modules/@vitejs/plugin-vue": {
      "version": "5.2.4",
      "dev": true,
      "license": "MIT",
      "engines": {
        "node": "^18.0.0 || >=20.0.0"
      },
      "peerDependencies": {
        "vite": "^5.0.0 || ^6.0.0",
        "vue": "^3.2.25"
      }
    },
    "node_modules/@vue/compiler-core": {
      "version": "3.5.28",
      "license": "MIT",
      "dependencies": {
        "@babel/parser": "^7.29.0",
        "@vue/shared": "3.5.28",
        "entities": "^7.0.1",
        "estree-walker": "^2.0.2",
        "source-map-js": "^1.2.1"
      }
    },
    "node_modules/@vue/compiler-dom": {
      "version": "3.5.28",
      "license": "MIT",
      "dependencies": {
        "@vue/compiler-core": "3.5.28",
        "@vue/shared": "3.5.28"
      }
    },
    "node_modules/@vue/compiler-sfc": {
      "version": "3.5.28",
      "license": "MIT",
      "dependencies": {
        "@babel/parser": "^7.29.0",
        "@vue/compiler-core": "3.5.28",
        "@vue/compiler-dom": "3.5.28",
        "@vue/compiler-ssr": "3.5.28",
        "@vue/shared": "3.5.28",
        "estree-walker": "^2.0.2",
        "magic-string": "^0.30.21",
        "postcss": "^8.5.6",
        "source-map-js": "^1.2.1"
      }
    },
    "node_modules/@vue/compiler-ssr": {
      "version": "3.5.28",
      "license": "MIT",
      "dependencies": {
        "@vue/compiler-dom": "3.5.28",
        "@vue/shared": "3.5.28"
      }
    },
    "node_modules/@vue/devtools-api": {
      "version": "7.7.9",
      "license": "MIT",
      "dependencies": {
        "@vue/devtools-kit": "^7.7.9"
      }
    },
    "node_modules/@vue/devtools-kit": {
      "version": "7.7.9",
      "license": "MIT",
      "dependencies": {
        "@vue/devtools-shared": "^7.7.9",
        "birpc": "^2.3.0",
        "hookable": "^5.5.3",
        "mitt": "^3.0.1",
        "perfect-debounce": "^1.0.0",
        "speakingurl": "^14.0.1",
        "superjson": "^2.2.2"
      }
    },
    "node_modules/@vue/devtools-shared": {
      "version": "7.7.9",
      "license": "MIT",
      "dependencies": {
        "rfdc": "^1.4.1"
      }
    },
    "node_modules/@vue/reactivity": {
      "version": "3.5.28",
      "license": "MIT",
      "dependencies": {
        "@vue/shared": "3.5.28"
      }
    },
    "node_modules/@vue/runtime-core": {
      "version": "3.5.28",
      "license": "MIT",
      "dependencies": {
        "@vue/reactivity": "3.5.28",
        "@vue/shared": "3.5.28"
      }
    },
    "node_modules/@vue/runtime-dom": {
      "version": "3.5.28",
      "license": "MIT",
      "dependencies": {
        "@vue/reactivity": "3.5.28",
        "@vue/runtime-core": "3.5.28",
        "@vue/shared": "3.5.28",
        "csstype": "^3.2.3"
      }
    },
    "node_modules/@vue/server-renderer": {
      "version": "3.5.28",
      "license": "MIT",
      "dependencies": {
        "@vue/compiler-ssr": "3.5.28",
        "@vue/shared": "3.5.28"
      },
      "peerDependencies": {
        "vue": "3.5.28"
      }
    },
    "node_modules/@vue/shared": {
      "version": "3.5.28",
      "license": "MIT"
    },
    "node_modules/@yr/monotone-cubic-spline": {
      "version": "1.0.3",
      "license": "MIT"
    },
    "node_modules/apexcharts": {
      "version": "5.3.6",
      "license": "SEE LICENSE IN LICENSE",
      "dependencies": {
        "@svgdotjs/svg.draggable.js": "^3.0.4",
        "@svgdotjs/svg.filter.js": "^3.0.8",
        "@svgdotjs/svg.js": "^3.2.4",
        "@svgdotjs/svg.resize.js": "^2.0.2",
        "@svgdotjs/svg.select.js": "^4.0.1",
        "@yr/monotone-cubic-spline": "^1.0.3"
      }
    },
    "node_modules/asynckit": {
      "version": "0.4.0",
      "license": "MIT"
    },
    "node_modules/axios": {
      "version": "1.13.5",
      "license": "MIT",
      "dependencies": {
        "follow-redirects": "^1.15.11",
        "form-data": "^4.0.5",
        "proxy-from-env": "^1.1.0"
      }
    },
    "node_modules/birpc": {
      "version": "2.9.0",
      "license": "MIT",
      "funding": {
        "url": "https://github.com/sponsors/antfu"
      }
    },
    "node_modules/call-bind-apply-helpers": {
      "version": "1.0.2",
      "license": "MIT",
      "dependencies": {
        "es-errors": "^1.3.0",
        "function-bind": "^1.1.2"
      },
      "engines": {
        "node": ">= 0.4"
      }
    },
    "node_modules/call-bound": {
      "version": "1.0.4",
      "license": "MIT",
      "dependencies": {
        "call-bind-apply-helpers": "^1.0.2",
        "get-intrinsic": "^1.3.0"
      },
      "engines": {
        "node": ">= 0.4"
      },
      "funding": {
        "url": "https://github.com/sponsors/ljharb"
      }
    },
    "node_modules/chokidar": {
      "version": "4.0.3",
      "dev": true,
      "license": "MIT",
      "dependencies": {
        "readdirp": "^4.0.1"
      },
      "engines": {
        "node": ">= 14.16.0"
      },
      "funding": {
        "url": "https://paulmillr.com/funding/"
      }
    },
    "node_modules/combined-stream": {
      "version": "1.0.8",
      "license": "MIT",
      "dependencies": {
        "delayed-stream": "~1.0.0"
      },
      "engines": {
        "node": ">= 0.8"
      }
    },
    "node_modules/copy-anything": {
      "version": "4.0.5",
      "license": "MIT",
      "dependencies": {
        "is-what": "^5.2.0"
      },
      "engines": {
        "node": ">=18"
      },
      "funding": {
        "url": "https://github.com/sponsors/mesqueeb"
      }
    },
    "node_modules/csstype": {
      "version": "3.2.3",
      "license": "MIT"
    },
    "node_modules/date-fns": {
      "version": "4.1.0",
      "license": "MIT",
      "funding": {
        "type": "github",
        "url": "https://github.com/sponsors/kossnocorp"
      }
    },
    "node_modules/deepmerge": {
      "version": "4.3.1",
      "license": "MIT",
      "engines": {
        "node": ">=0.10.0"
      }
    },
    "node_modules/delayed-stream": {
      "version": "1.0.0",
      "license": "MIT",
      "engines": {
        "node": ">=0.4.0"
      }
    },
    "node_modules/detect-libc": {
      "version": "2.1.2",
      "dev": true,
      "license": "Apache-2.0",
      "engines": {
        "node": ">=8"
      }
    },
    "node_modules/dunder-proto": {
      "version": "1.0.1",
      "license": "MIT",
      "dependencies": {
        "call-bind-apply-helpers": "^1.0.1",
        "es-errors": "^1.3.0",
        "gopd": "^1.2.0"
      },
      "engines": {
        "node": ">= 0.4"
      }
    },
    "node_modules/enhanced-resolve": {
      "version": "5.19.0",
      "dev": true,
      "license": "MIT",
      "dependencies": {
        "graceful-fs": "^4.2.4",
        "tapable": "^2.3.0"
      },
      "engines": {
        "node": ">=10.13.0"
      }
    },
    "node_modules/entities": {
      "version": "7.0.1",
      "license": "BSD-2-Clause",
      "engines": {
        "node": ">=0.12"
      },
      "funding": {
        "url": "https://github.com/fb55/entities?sponsor=1"
      }
    },
    "node_modules/es-define-property": {
      "version": "1.0.1",
      "license": "MIT",
      "engines": {
        "node": ">= 0.4"
      }
    },
    "node_modules/es-errors": {
      "version": "1.3.0",
      "license": "MIT",
      "engines": {
        "node": ">= 0.4"
      }
    },
    "node_modules/es-object-atoms": {
      "version": "1.1.1",
      "license": "MIT",
      "dependencies": {
        "es-errors": "^1.3.0"
      },
      "engines": {
        "node": ">= 0.4"
      }
    },
    "node_modules/es-set-tostringtag": {
      "version": "2.1.0",
      "license": "MIT",
      "dependencies": {
        "es-errors": "^1.3.0",
        "get-intrinsic": "^1.2.6",
        "has-tostringtag": "^1.0.2",
        "hasown": "^2.0.2"
      },
      "engines": {
        "node": ">= 0.4"
      }
    },
    "node_modules/esbuild": {
      "version": "0.21.5",
      "dev": true,
      "hasInstallScript": true,
      "license": "MIT",
      "bin": {
        "esbuild": "bin/esbuild"
      },
      "engines": {
        "node": ">=12"
      },
      "optionalDependencies": {
        "@esbuild/aix-ppc64": "0.21.5",
        "@esbuild/android-arm": "0.21.5",
        "@esbuild/android-arm64": "0.21.5",
        "@esbuild/android-x64": "0.21.5",
        "@esbuild/darwin-arm64": "0.21.5",
        "@esbuild/darwin-x64": "0.21.5",
        "@esbuild/freebsd-arm64": "0.21.5",
        "@esbuild/freebsd-x64": "0.21.5",
        "@esbuild/linux-arm": "0.21.5",
        "@esbuild/linux-arm64": "0.21.5",
        "@esbuild/linux-ia32": "0.21.5",
        "@esbuild/linux-loong64": "0.21.5",
        "@esbuild/linux-mips64el": "0.21.5",
        "@esbuild/linux-ppc64": "0.21.5",
        "@esbuild/linux-riscv64": "0.21.5",
        "@esbuild/linux-s390x": "0.21.5",
        "@esbuild/linux-x64": "0.21.5",
        "@esbuild/netbsd-x64": "0.21.5",
        "@esbuild/openbsd-x64": "0.21.5",
        "@esbuild/sunos-x64": "0.21.5",
        "@esbuild/win32-arm64": "0.21.5",
        "@esbuild/win32-ia32": "0.21.5",
        "@esbuild/win32-x64": "0.21.5"
      }
    },
    "node_modules/estree-walker": {
      "version": "2.0.2",
      "license": "MIT"
    },
    "node_modules/follow-redirects": {
      "version": "1.15.11",
      "funding": [
        {
          "type": "individual",
          "url": "https://github.com/sponsors/RubenVerborgh"
        }
      ],
      "license": "MIT",
      "engines": {
        "node": ">=4.0"
      },
      "peerDependenciesMeta": {
        "debug": {
          "optional": true
        }
      }
    },
    "node_modules/form-data": {
      "version": "4.0.5",
      "license": "MIT",
      "dependencies": {
        "asynckit": "^0.4.0",
        "combined-stream": "^1.0.8",
        "es-set-tostringtag": "^2.1.0",
        "hasown": "^2.0.2",
        "mime-types": "^2.1.12"
      },
      "engines": {
        "node": ">= 6"
      }
    },
    "node_modules/function-bind": {
      "version": "1.1.2",
      "license": "MIT",
      "funding": {
        "url": "https://github.com/sponsors/ljharb"
      }
    },
    "node_modules/get-intrinsic": {
      "version": "1.3.0",
      "license": "MIT",
      "dependencies": {
        "call-bind-apply-helpers": "^1.0.2",
        "es-define-property": "^1.0.1",
        "es-errors": "^1.3.0",
        "es-object-atoms": "^1.1.1",
        "function-bind": "^1.1.2",
        "get-proto": "^1.0.1",
        "gopd": "^1.2.0",
        "has-symbols": "^1.1.0",
        "hasown": "^2.0.2",
        "math-intrinsics": "^1.1.0"
      },
      "engines": {
        "node": ">= 0.4"
      },
      "funding": {
        "url": "https://github.com/sponsors/ljharb"
      }
    },
    "node_modules/get-proto": {
      "version": "1.0.1",
      "license": "MIT",
      "dependencies": {
        "dunder-proto": "^1.0.1",
        "es-object-atoms": "^1.0.0"
      },
      "engines": {
        "node": ">= 0.4"
      }
    },
    "node_modules/gopd": {
      "version": "1.2.0",
      "license": "MIT",
      "engines": {
        "node": ">= 0.4"
      },
      "funding": {
        "url": "https://github.com/sponsors/ljharb"
      }
    },
    "node_modules/graceful-fs": {
      "version": "4.2.11",
      "dev": true,
      "license": "ISC"
    },
    "node_modules/has-symbols": {
      "version": "1.1.0",
      "license": "MIT",
      "engines": {
        "node": ">= 0.4"
      },
      "funding": {
        "url": "https://github.com/sponsors/ljharb"
      }
    },
    "node_modules/has-tostringtag": {
      "version": "1.0.2",
      "license": "MIT",
      "dependencies": {
        "has-symbols": "^1.0.3"
      },
      "engines": {
        "node": ">= 0.4"
      },
      "funding": {
        "url": "https://github.com/sponsors/ljharb"
      }
    },
    "node_modules/hasown": {
      "version": "2.0.2",
      "license": "MIT",
      "dependencies": {
        "function-bind": "^1.1.2"
      },
      "engines": {
        "node": ">= 0.4"
      }
    },
    "node_modules/hookable": {
      "version": "5.5.3",
      "license": "MIT"
    },
    "node_modules/immutable": {
      "version": "5.1.4",
      "dev": true,
      "license": "MIT"
    },
    "node_modules/is-extglob": {
      "version": "2.1.1",
      "dev": true,
      "license": "MIT",
      "optional": true,
      "engines": {
        "node": ">=0.10.0"
      }
    },
    "node_modules/is-glob": {
      "version": "4.0.3",
      "dev": true,
      "license": "MIT",
      "optional": true,
      "dependencies": {
        "is-extglob": "^2.1.1"
      },
      "engines": {
        "node": ">=0.10.0"
      }
    },
    "node_modules/is-what": {
      "version": "5.5.0",
      "license": "MIT",
      "engines": {
        "node": ">=18"
      },
      "funding": {
        "url": "https://github.com/sponsors/mesqueeb"
      }
    },
    "node_modules/jiti": {
      "version": "2.6.1",
      "dev": true,
      "license": "MIT",
      "bin": {
        "jiti": "lib/jiti-cli.mjs"
      }
    },
    "node_modules/laravel-vite-plugin": {
      "version": "1.3.0",
      "dev": true,
      "license": "MIT",
      "dependencies": {
        "picocolors": "^1.0.0",
        "vite-plugin-full-reload": "^1.1.0"
      },
      "bin": {
        "clean-orphaned-assets": "bin/clean.js"
      },
      "engines": {
        "node": "^18.0.0 || ^20.0.0 || >=22.0.0"
      },
      "peerDependencies": {
        "vite": "^5.0.0 || ^6.0.0"
      }
    },
    "node_modules/lightningcss": {
      "version": "1.30.2",
      "dev": true,
      "license": "MPL-2.0",
      "dependencies": {
        "detect-libc": "^2.0.3"
      },
      "engines": {
        "node": ">= 12.0.0"
      },
      "funding": {
        "type": "opencollective",
        "url": "https://opencollective.com/parcel"
      },
      "optionalDependencies": {
        "lightningcss-android-arm64": "1.30.2",
        "lightningcss-darwin-arm64": "1.30.2",
        "lightningcss-darwin-x64": "1.30.2",
        "lightningcss-freebsd-x64": "1.30.2",
        "lightningcss-linux-arm-gnueabihf": "1.30.2",
        "lightningcss-linux-arm64-gnu": "1.30.2",
        "lightningcss-linux-arm64-musl": "1.30.2",
        "lightningcss-linux-x64-gnu": "1.30.2",
        "lightningcss-linux-x64-musl": "1.30.2",
        "lightningcss-win32-arm64-msvc": "1.30.2",
        "lightningcss-win32-x64-msvc": "1.30.2"
      }
    },
    "node_modules/lightningcss-linux-x64-gnu": {
      "version": "1.30.2",
      "cpu": [
        "x64"
      ],
      "dev": true,
      "license": "MPL-2.0",
      "optional": true,
      "os": [
        "linux"
      ],
      "engines": {
        "node": ">= 12.0.0"
      },
      "funding": {
        "type": "opencollective",
        "url": "https://opencollective.com/parcel"
      }
    },
    "node_modules/lodash": {
      "version": "4.17.23",
      "license": "MIT"
    },
    "node_modules/lodash.clonedeep": {
      "version": "4.5.0",
      "license": "MIT"
    },
    "node_modules/lodash.isequal": {
      "version": "4.5.0",
      "license": "MIT"
    },
    "node_modules/magic-string": {
      "version": "0.30.21",
      "license": "MIT",
      "dependencies": {
        "@jridgewell/sourcemap-codec": "^1.5.5"
      }
    },
    "node_modules/math-intrinsics": {
      "version": "1.1.0",
      "license": "MIT",
      "engines": {
        "node": ">= 0.4"
      }
    },
    "node_modules/mime-db": {
      "version": "1.52.0",
      "license": "MIT",
      "engines": {
        "node": ">= 0.6"
      }
    },
    "node_modules/mime-types": {
      "version": "2.1.35",
      "license": "MIT",
      "dependencies": {
        "mime-db": "1.52.0"
      },
      "engines": {
        "node": ">= 0.6"
      }
    },
    "node_modules/mitt": {
      "version": "3.0.1",
      "license": "MIT"
    },
    "node_modules/nanoid": {
      "version": "3.3.11",
      "funding": [
        {
          "type": "github",
          "url": "https://github.com/sponsors/ai"
        }
      ],
      "license": "MIT",
      "bin": {
        "nanoid": "bin/nanoid.cjs"
      },
      "engines": {
        "node": "^10 || ^12 || ^13.7 || ^14 || >=15.0.1"
      }
    },
    "node_modules/node-addon-api": {
      "version": "7.1.1",
      "dev": true,
      "license": "MIT",
      "optional": true
    },
    "node_modules/nprogress": {
      "version": "0.2.0",
      "license": "MIT"
    },
    "node_modules/object-inspect": {
      "version": "1.13.4",
      "license": "MIT",
      "engines": {
        "node": ">= 0.4"
      },
      "funding": {
        "url": "https://github.com/sponsors/ljharb"
      }
    },
    "node_modules/perfect-debounce": {
      "version": "1.0.0",
      "license": "MIT"
    },
    "node_modules/picocolors": {
      "version": "1.1.1",
      "license": "ISC"
    },
    "node_modules/picomatch": {
      "version": "4.0.3",
      "dev": true,
      "license": "MIT",
      "optional": true,
      "engines": {
        "node": ">=12"
      },
      "funding": {
        "url": "https://github.com/sponsors/jonschlinkert"
      }
    },
    "node_modules/pinia": {
      "version": "3.0.4",
      "license": "MIT",
      "dependencies": {
        "@vue/devtools-api": "^7.7.7"
      },
      "funding": {
        "url": "https://github.com/sponsors/posva"
      },
      "peerDependencies": {
        "typescript": ">=4.5.0",
        "vue": "^3.5.11"
      },
      "peerDependenciesMeta": {
        "typescript": {
          "optional": true
        }
      }
    },
    "node_modules/postcss": {
      "version": "8.5.6",
      "funding": [
        {
          "type": "opencollective",
          "url": "https://opencollective.com/postcss/"
        },
        {
          "type": "tidelift",
          "url": "https://tidelift.com/funding/github/npm/postcss"
        },
        {
          "type": "github",
          "url": "https://github.com/sponsors/ai"
        }
      ],
      "license": "MIT",
      "dependencies": {
        "nanoid": "^3.3.11",
        "picocolors": "^1.1.1",
        "source-map-js": "^1.2.1"
      },
      "engines": {
        "node": "^10 || ^12 || >=14"
      }
    },
    "node_modules/proxy-from-env": {
      "version": "1.1.0",
      "license": "MIT"
    },
    "node_modules/qs": {
      "version": "6.14.1",
      "license": "BSD-3-Clause",
      "dependencies": {
        "side-channel": "^1.1.0"
      },
      "engines": {
        "node": ">=0.6"
      },
      "funding": {
        "url": "https://github.com/sponsors/ljharb"
      }
    },
    "node_modules/readdirp": {
      "version": "4.1.2",
      "dev": true,
      "license": "MIT",
      "engines": {
        "node": ">= 14.18.0"
      },
      "funding": {
        "type": "individual",
        "url": "https://paulmillr.com/funding/"
      }
    },
    "node_modules/rfdc": {
      "version": "1.4.1",
      "license": "MIT"
    },
    "node_modules/rollup": {
      "version": "4.57.1",
      "dev": true,
      "license": "MIT",
      "dependencies": {
        "@types/estree": "1.0.8"
      },
      "bin": {
        "rollup": "dist/bin/rollup"
      },
      "engines": {
        "node": ">=18.0.0",
        "npm": ">=8.0.0"
      },
      "optionalDependencies": {
        "@rollup/rollup-android-arm-eabi": "4.57.1",
        "@rollup/rollup-android-arm64": "4.57.1",
        "@rollup/rollup-darwin-arm64": "4.57.1",
        "@rollup/rollup-darwin-x64": "4.57.1",
        "@rollup/rollup-freebsd-arm64": "4.57.1",
        "@rollup/rollup-freebsd-x64": "4.57.1",
        "@rollup/rollup-linux-arm-gnueabihf": "4.57.1",
        "@rollup/rollup-linux-arm-musleabihf": "4.57.1",
        "@rollup/rollup-linux-arm64-gnu": "4.57.1",
        "@rollup/rollup-linux-arm64-musl": "4.57.1",
        "@rollup/rollup-linux-loong64-gnu": "4.57.1",
        "@rollup/rollup-linux-loong64-musl": "4.57.1",
        "@rollup/rollup-linux-ppc64-gnu": "4.57.1",
        "@rollup/rollup-linux-ppc64-musl": "4.57.1",
        "@rollup/rollup-linux-riscv64-gnu": "4.57.1",
        "@rollup/rollup-linux-riscv64-musl": "4.57.1",
        "@rollup/rollup-linux-s390x-gnu": "4.57.1",
        "@rollup/rollup-linux-x64-gnu": "4.57.1",
        "@rollup/rollup-linux-x64-musl": "4.57.1",
        "@rollup/rollup-openbsd-x64": "4.57.1",
        "@rollup/rollup-openharmony-arm64": "4.57.1",
        "@rollup/rollup-win32-arm64-msvc": "4.57.1",
        "@rollup/rollup-win32-ia32-msvc": "4.57.1",
        "@rollup/rollup-win32-x64-gnu": "4.57.1",
        "@rollup/rollup-win32-x64-msvc": "4.57.1",
        "fsevents": "~2.3.2"
      }
    },
    "node_modules/sass": {
      "version": "1.97.3",
      "dev": true,
      "license": "MIT",
      "dependencies": {
        "chokidar": "^4.0.0",
        "immutable": "^5.0.2",
        "source-map-js": ">=0.6.2 <2.0.0"
      },
      "bin": {
        "sass": "sass.js"
      },
      "engines": {
        "node": ">=14.0.0"
      },
      "optionalDependencies": {
        "@parcel/watcher": "^2.4.1"
      }
    },
    "node_modules/side-channel": {
      "version": "1.1.0",
      "license": "MIT",
      "dependencies": {
        "es-errors": "^1.3.0",
        "object-inspect": "^1.13.3",
        "side-channel-list": "^1.0.0",
        "side-channel-map": "^1.0.1",
        "side-channel-weakmap": "^1.0.2"
      },
      "engines": {
        "node": ">= 0.4"
      },
      "funding": {
        "url": "https://github.com/sponsors/ljharb"
      }
    },
    "node_modules/side-channel-list": {
      "version": "1.0.0",
      "license": "MIT",
      "dependencies": {
        "es-errors": "^1.3.0",
        "object-inspect": "^1.13.3"
      },
      "engines": {
        "node": ">= 0.4"
      },
      "funding": {
        "url": "https://github.com/sponsors/ljharb"
      }
    },
    "node_modules/side-channel-map": {
      "version": "1.0.1",
      "license": "MIT",
      "dependencies": {
        "call-bound": "^1.0.2",
        "es-errors": "^1.3.0",
        "get-intrinsic": "^1.2.5",
        "object-inspect": "^1.13.3"
      },
      "engines": {
        "node": ">= 0.4"
      },
      "funding": {
        "url": "https://github.com/sponsors/ljharb"
      }
    },
    "node_modules/side-channel-weakmap": {
      "version": "1.0.2",
      "license": "MIT",
      "dependencies": {
        "call-bound": "^1.0.2",
        "es-errors": "^1.3.0",
        "get-intrinsic": "^1.2.5",
        "object-inspect": "^1.13.3",
        "side-channel-map": "^1.0.1"
      },
      "engines": {
        "node": ">= 0.4"
      },
      "funding": {
        "url": "https://github.com/sponsors/ljharb"
      }
    },
    "node_modules/source-map-js": {
      "version": "1.2.1",
      "license": "BSD-3-Clause",
      "engines": {
        "node": ">=0.10.0"
      }
    },
    "node_modules/speakingurl": {
      "version": "14.0.1",
      "license": "BSD-3-Clause",
      "engines": {
        "node": ">=0.10.0"
      }
    },
    "node_modules/superjson": {
      "version": "2.2.6",
      "license": "MIT",
      "dependencies": {
        "copy-anything": "^4"
      },
      "engines": {
        "node": ">=16"
      }
    },
    "node_modules/tailwindcss": {
      "version": "4.1.18",
      "dev": true,
      "license": "MIT"
    },
    "node_modules/tapable": {
      "version": "2.3.0",
      "dev": true,
      "license": "MIT",
      "engines": {
        "node": ">=6"
      },
      "funding": {
        "type": "opencollective",
        "url": "https://opencollective.com/webpack"
      }
    },
    "node_modules/vite": {
      "version": "5.4.21",
      "dev": true,
      "license": "MIT",
      "dependencies": {
        "esbuild": "^0.21.3",
        "postcss": "^8.4.43",
        "rollup": "^4.20.0"
      },
      "bin": {
        "vite": "bin/vite.js"
      },
      "engines": {
        "node": "^18.0.0 || >=20.0.0"
      },
      "funding": {
        "url": "https://github.com/vitejs/vite?sponsor=1"
      },
      "optionalDependencies": {
        "fsevents": "~2.3.3"
      },
      "peerDependencies": {
        "@types/node": "^18.0.0 || >=20.0.0",
        "less": "*",
        "lightningcss": "^1.21.0",
        "sass": "*",
        "sass-embedded": "*",
        "stylus": "*",
        "sugarss": "*",
        "terser": "^5.4.0"
      },
      "peerDependenciesMeta": {
        "@types/node": {
          "optional": true
        },
        "less": {
          "optional": true
        },
        "lightningcss": {
          "optional": true
        },
        "sass": {
          "optional": true
        },
        "sass-embedded": {
          "optional": true
        },
        "stylus": {
          "optional": true
        },
        "sugarss": {
          "optional": true
        },
        "terser": {
          "optional": true
        }
      }
    },
    "node_modules/vite-plugin-full-reload": {
      "version": "1.2.0",
      "dev": true,
      "license": "MIT",
      "dependencies": {
        "picocolors": "^1.0.0",
        "picomatch": "^2.3.1"
      }
    },
    "node_modules/vite-plugin-full-reload/node_modules/picomatch": {
      "version": "2.3.1",
      "dev": true,
      "license": "MIT",
      "engines": {
        "node": ">=8.6"
      },
      "funding": {
        "url": "https://github.com/sponsors/jonschlinkert"
      }
    },
    "node_modules/vue": {
      "version": "3.5.28",
      "license": "MIT",
      "dependencies": {
        "@vue/compiler-dom": "3.5.28",
        "@vue/compiler-sfc": "3.5.28",
        "@vue/runtime-dom": "3.5.28",
        "@vue/server-renderer": "3.5.28",
        "@vue/shared": "3.5.28"
      },
      "peerDependencies": {
        "typescript": "*"
      },
      "peerDependenciesMeta": {
        "typescript": {
          "optional": true
        }
      }
    },
    "node_modules/vue-i18n": {
      "version": "11.2.8",
      "license": "MIT",
      "dependencies": {
        "@intlify/core-base": "11.2.8",
        "@intlify/shared": "11.2.8",
        "@vue/devtools-api": "^6.5.0"
      },
      "engines": {
        "node": ">= 16"
      },
      "funding": {
        "url": "https://github.com/sponsors/kazupon"
      },
      "peerDependencies": {
        "vue": "^3.0.0"
      }
    },
    "node_modules/vue-i18n/node_modules/@vue/devtools-api": {
      "version": "6.6.4",
      "license": "MIT"
    },
    "node_modules/vue-router": {
      "version": "4.6.4",
      "license": "MIT",
      "dependencies": {
        "@vue/devtools-api": "^6.6.4"
      },
      "funding": {
        "url": "https://github.com/sponsors/posva"
      },
      "peerDependencies": {
        "vue": "^3.5.0"
      }
    },
    "node_modules/vue-router/node_modules/@vue/devtools-api": {
      "version": "6.6.4",
      "license": "MIT"
    },
    "node_modules/vue3-apexcharts": {
      "version": "1.10.0",
      "license": "see LICENSE in LICENSE",
      "peerDependencies": {
        "apexcharts": ">=4.0.0",
        "vue": ">=3.0.0"
      }
    }
  }
}
